
Microsoft Visual Studio Solution File, Format Version 12.00
# Visual Studio Version 17
VisualStudioVersion = 17.5.2.0
MinimumVisualStudioVersion = 10.0.40219.1
Project("{FAE04EC0-301F-11D3-BF4B-00C04F79EFBC}") = "SchoolMaster", "SchoolMaster.csproj", "{9B5C76D3-4644-76D4-A89D-B44F83585750}"
EndProject
Project("{FAE04EC0-301F-11D3-BF4B-00C04F79EFBC}") = "SchoolMaster.Tests", "SchoolMaster.Tests\SchoolMaster.Tests.csproj", "{1F465E02-55B8-4081-A538-9187DBB24848}"
EndProject
Project("{FAE04EC0-301F-11D3-BF4B-00C04F79EFBC}") = "SchoolMaster.LoadTests", "SchoolMaster.LoadTests\SchoolMaster.LoadTests.csproj", "{7F1D7FF4-2B4F-4C70-8F86-BEB1A475ECF7}"
EndProject
Global
	GlobalSection(SolutionConfigurationPlatforms) = preSolution
		Debug|Any CPU = Debug|Any CPU
		Debug|x64 = Debug|x64
		Debug|x86 = Debug|x86
		Release|Any CPU = Release|Any CPU
		Release|x64 = Release|x64
		Release|x86 = Release|x86
	EndGlobalSection
	GlobalSection(ProjectConfigurationPlatforms) = postSolution
		{9B5C76D3-4644-76D4-A89D-B44F83585750}.Debug|Any CPU.ActiveCfg = Debug|Any CPU
		{9B5C76D3-4644-76D4-A89D-B44F83585750}.Debug|Any CPU.Build.0 = Debug|Any CPU
		{9B5C76D3-4644-76D4-A89D-B44F83585750}.Debug|x64.ActiveCfg = Debug|Any CPU
		{9B5C76D3-4644-76D4-A89D-B44F83585750}.Debug|x64.Build.0 = Debug|Any CPU
		{9B5C76D3-4644-76D4-A89D-B44F83585750}.Debug|x86.ActiveCfg = Debug|Any CPU
		{9B5C76D3-4644-76D4-A89D-B44F83585750}.Debug|x86.Build.0 = Debug|Any CPU
		{9B5C76D3-4644-76D4-A89D-B44F83585750}.Release|Any CPU.ActiveCfg = Release|Any CPU
		{9B5C76D3-4644-76D4-A89D-B44F83585750}.Release|Any CPU.Build.0 = Release|Any CPU
		{9B5C76D3-4644-76D4-A89D-B44F83585750}.Release|x64.ActiveCfg = Release|Any CPU
		{9B5C76D3-4644-76D4-A89D-B44F83585750}.Release|x64.Build.0 = Release|Any CPU
		{9B5C76D3-4644-76D4-A89D-B44F83585750}.Release|x86.ActiveCfg = Release|Any CPU
		{9B5C76D3-4644-76D4-A89D-B44F83585750}.Release|x86.Build.0 = Release|Any CPU
		{1F465E02-55B8-4081-A538-9187DBB24848}.Debug|Any CPU.ActiveCfg = Debug|Any CPU
		{1F465E02-55B8-4081-A538-9187DBB24848}.Debug|Any CPU.Build.0 = Debug|Any CPU
		{1F465E02-55B8-4081-A538-9187DBB24848}.Debug|x64.ActiveCfg = Debug|Any CPU
		{1F465E02-55B8-4081-A538-9187DBB24848}.Debug|x64.Build.0 = Debug|Any CPU
		{1F465E02-55B8-4081-A538-9187DBB24848}.Debug|x86.ActiveCfg = Debug|Any CPU
		{1F465E02-55B8-4081-A538-9187DBB24848}.Debug|x86.Build.0 = Debug|Any CPU
		{1F465E02-55B8-4081-A538-9187DBB24848}.Release|Any CPU.ActiveCfg = Release|Any CPU
		{1F465E02-55B8-4081-A538-9187DBB24848}.Release|Any CPU.Build.0 = Release|Any CPU
		{1F465E02-55B8-4081-A538-9187DBB24848}.Release|x64.ActiveCfg = Release|Any CPU
		{1F465E02-55B8-4081-A538-9187DBB24848}.Release|x64.Build.0 = Release|Any CPU
		{1F465E02-55B8-4081-A538-9187DBB24848}.Release|x86.ActiveCfg = Release|Any CPU
		{1F465E02-55B8-4081-A538-9187DBB24848}.Release|x86.Build.0 = Release|Any CPU
		{7F1D7FF4-2B4F-4C70-8F86-BEB1A475ECF7}.Debug|Any CPU.ActiveCfg = Debug|Any CPU
		{7F1D7FF4-2B4F-4C70-8F86-BEB1A475ECF7}.Debug|Any CPU.Build.0 = Debug|Any CPU
		{7F1D7FF4-2B4F-4C70-8F86-BEB1A475ECF7}.Debug|x64.ActiveCfg = Debug|Any CPU
		{7F1D7FF4-2B4F-4C70-8F86-BEB1A475ECF7}.Debug|x64.Build.0 = Debug|Any CPU
		{7F1D7FF4-2B4F-4C70-8F86-BEB1A475ECF7}.Debug|x86.ActiveCfg = Debug|Any CPU
		{7F1D7FF4-2B4F-4C70-8F86-BEB1A475ECF7}.Debug|x86.Build.0 = Debug|Any CPU
		{7F1D7FF4-2B4F-4C70-8F86-BEB1A475ECF7}.Release|Any CPU.ActiveCfg = Release|Any CPU
		{7F1D7FF4-2B4F-4C70-8F86-BEB1A475ECF7}.Release|Any CPU.Build.0 = Release|Any CPU
		{7F1D7FF4-2B4F-4C70-8F86-BEB1A475ECF7}.Release|x64.ActiveCfg = Release|Any CPU
		{7F1D7FF4-2B4F-4C70-8F86-BEB1A475ECF7}.Release|x64.Build.0 = Release|Any CPU
		{7F1D7FF4-2B4F-4C70-8F86-BEB1A475ECF7}.Release|x86.ActiveCfg = Release|Any CPU
		{7F1D7FF4-2B4F-4C70-8F86-BEB1A475ECF7}.Release|x86.Build.0 = Release|Any CPU
	EndGlobalSection
	GlobalSection(SolutionProperties) = preSolution
		HideSolutionNode = FALSE
	EndGlobalSection
	GlobalSection(ExtensibilityGlobals) = postSolution
		SolutionGuid = {15064F09-3F13-4451-94FE-48378A8E11AC}
	EndGlobalSection
EndGlobal
